
Microsoft Visual Studio Solution File, Format Version 12.00
Project("{FAE04EC0-301F-11D3-BF4B-00C04F79EFBC}") = "MonkeLib", "MonkeLib\MonkeLib.csproj", "{79C2EDB2-4D4A-4872-9345-319AD59835DE}"
EndProject
Global
	GlobalSection(SolutionConfigurationPlatforms) = preSolution
		Debug|Any CPU = Debug|Any CPU
		Release|Any CPU = Release|Any CPU
	EndGlobalSection
	GlobalSection(ProjectConfigurationPlatforms) = postSolution
		{79C2EDB2-4D4A-4872-9345-319AD59835DE}.Debug|Any CPU.ActiveCfg = Debug|Any CPU
		{79C2EDB2-4D4A-4872-9345-319AD59835DE}.Debug|Any CPU.Build.0 = Debug|Any CPU
		{79C2EDB2-4D4A-4872-9345-319AD59835DE}.Release|Any CPU.ActiveCfg = Release|Any CPU
		{79C2EDB2-4D4A-4872-9345-319AD59835DE}.Release|Any CPU.Build.0 = Release|Any CPU
	EndGlobalSection
EndGlobal
